
Microsoft Visual Studio Solution File, Format Version 12.00
# Visual Studio Version 17
VisualStudioVersion = 17.5.002.0
MinimumVisualStudioVersion = 10.0.40219.1
Project("{9A19103F-16F7-4668-BE54-9A1E7A4F7556}") = "TacoTuesday", "TacoTuesday.csproj", "{1E0F858C-642F-4060-A66D-6D87FABCBDAB}"
EndProject
Global
	GlobalSection(SolutionConfigurationPlatforms) = preSolution
		Debug|Any CPU = Debug|Any CPU
		Release|Any CPU = Release|Any CPU
	EndGlobalSection
	GlobalSection(ProjectConfigurationPlatforms) = postSolution
		{1E0F858C-642F-4060-A66D-6D87FABCBDAB}.Debug|Any CPU.ActiveCfg = Debug|Any CPU
		{1E0F858C-642F-4060-A66D-6D87FABCBDAB}.Debug|Any CPU.Build.0 = Debug|Any CPU
		{1E0F858C-642F-4060-A66D-6D87FABCBDAB}.Release|Any CPU.ActiveCfg = Release|Any CPU
		{1E0F858C-642F-4060-A66D-6D87FABCBDAB}.Release|Any CPU.Build.0 = Release|Any CPU
	EndGlobalSection
	GlobalSection(SolutionProperties) = preSolution
		HideSolutionNode = FALSE
	EndGlobalSection
	GlobalSection(ExtensibilityGlobals) = postSolution
		SolutionGuid = {8EF49800-0607-4AFD-875B-55A1AFFF98C5}
	EndGlobalSection
EndGlobal
